// !$*UTF8*$!
{
	archiveVersion = 1;
	classes = {
	};
	objectVersion = 48;
	objects = {

/* Begin PBXBuildFile section */
		7CF7411420BEDAFA00DF1674 /* AppDelegate.swift in Sources */ = {isa = PBXBuildFile; fileRef = 7CF7411320BEDAFA00DF1674 /* AppDelegate.swift */; };
		7CF7411620BEDAFA00DF1674 /* ViewController.swift in Sources */ = {isa = PBXBuildFile; fileRef = 7CF7411520BEDAFA00DF1674 /* ViewController.swift */; };
		7CF7411920BEDAFA00DF1674 /* Main.storyboard in Resources */ = {isa = PBXBuildFile; fileRef = 7CF7411720BEDAFA00DF1674 /* Main.storyboard */; };
		7CF7411B20BEDAFA00DF1674 /* Assets.xcassets in Resources */ = {isa = PBXBuildFile; fileRef = 7CF7411A20BEDAFA00DF1674 /* Assets.xcassets */; };
		7CF7411E20BEDAFA00DF1674 /* LaunchScreen.storyboard in Resources */ = {isa = PBXBuildFile; fileRef = 7CF7411C20BEDAFA00DF1674 /* LaunchScreen.storyboard */; };
		7CF7412920BEDAFA00DF1674 /* WWWTests.swift in Sources */ = {isa = PBXBuildFile; fileRef = 7CF7412820BEDAFA00DF1674 /* WWWTests.swift */; };
		7CF7413420BEDAFA00DF1674 /* WWWUITests.swift in Sources */ = {isa = PBXBuildFile; fileRef = 7CF7413320BEDAFA00DF1674 /* WWWUITests.swift */; };
/* End PBXBuildFile section */

/* Begin PBXContainerItemProxy section */
		7CF7412520BEDAFA00DF1674 /* PBXContainerItemProxy */ = {
			isa = PBXContainerItemProxy;
			containerPortal = 7CF7410820BEDAFA00DF1674 /* Project object */;
			proxyType = 1;
			remoteGlobalIDString = 7CF7410F20BEDAFA00DF1674;
			remoteInfo = WWW;
		};
		7CF7413020BEDAFA00DF1674 /* PBXContainerItemProxy */ = {
			isa = PBXContainerItemProxy;
			containerPortal = 7CF7410820BEDAFA00DF1674 /* Project object */;
			proxyType = 1;
			remoteGlobalIDString = 7CF7410F20BEDAFA00DF1674;
			remoteInfo = WWW;
		};
/* End PBXContainerItemProxy section */

/* Begin PBXFileReference section */
		7CF7411020BEDAFA00DF1674 /* WWW.app */ = {isa = PBXFileReference; explicitFileType = wrapper.application; includeInIndex = 0; path = WWW.app; sourceTree = BUILT_PRODUCTS_DIR; };
		7CF7411320BEDAFA00DF1674 /* AppDelegate.swift */ = {isa = PBXFileReference; lastKnownFileType = sourcecode.swift; path = AppDelegate.swift; sourceTree = "<group>"; };
		7CF7411520BEDAFA00DF1674 /* ViewController.swift */ = {isa = PBXFileReference; lastKnownFileType = sourcecode.swift; path = ViewController.swift; sourceTree = "<group>"; };
		7CF7411820BEDAFA00DF1674 /* Base */ = {isa = PBXFileReference; lastKnownFileType = file.storyboard; name = Base; path = Base.lproj/Main.storyboard; sourceTree = "<group>"; };
		7CF7411A20BEDAFA00DF1674 /* Assets.xcassets */ = {isa = PBXFileReference; lastKnownFileType = folder.assetcatalog; path = Assets.xcassets; sourceTree = "<group>"; };
		7CF7411D20BEDAFA00DF1674 /* Base */ = {isa = PBXFileReference; lastKnownFileType = file.storyboard; name = Base; path = Base.lproj/LaunchScreen.storyboard; sourceTree = "<group>"; };
		7CF7411F20BEDAFA00DF1674 /* Info.plist */ = {isa = PBXFileReference; lastKnownFileType = text.plist.xml; path = Info.plist; sourceTree = "<group>"; };
		7CF7412420BEDAFA00DF1674 /* WWWTests.xctest */ = {isa = PBXFileReference; explicitFileType = wrapper.cfbundle; includeInIndex = 0; path = WWWTests.xctest; sourceTree = BUILT_PRODUCTS_DIR; };
		7CF7412820BEDAFA00DF1674 /* WWWTests.swift */ = {isa = PBXFileReference; lastKnownFileType = sourcecode.swift; path = WWWTests.swift; sourceTree = "<group>"; };
		7CF7412A20BEDAFA00DF1674 /* Info.plist */ = {isa = PBXFileReference; lastKnownFileType = text.plist.xml; path = Info.plist; sourceTree = "<group>"; };
		7CF7412F20BEDAFA00DF1674 /* WWWUITests.xctest */ = {isa = PBXFileReference; explicitFileType = wrapper.cfbundle; includeInIndex = 0; path = WWWUITests.xctest; sourceTree = BUILT_PRODUCTS_DIR; };
		7CF7413320BEDAFA00DF1674 /* WWWUITests.swift */ = {isa = PBXFileReference; lastKnownFileType = sourcecode.swift; path = WWWUITests.swift; sourceTree = "<group>"; };
		7CF7413520BEDAFA00DF1674 /* Info.plist */ = {isa = PBXFileReference; lastKnownFileType = text.plist.xml; path = Info.plist; sourceTree = "<group>"; };
/* End PBXFileReference section */

/* Begin PBXFrameworksBuildPhase section */
		7CF7410D20BEDAFA00DF1674 /* Frameworks */ = {
			isa = PBXFrameworksBuildPhase;
			buildActionMask = 2147483647;
			files = (
			);
			runOnlyForDeploymentPostprocessing = 0;
		};
		7CF7412120BEDAFA00DF1674 /* Frameworks */ = {
			isa = PBXFrameworksBuildPhase;
			buildActionMask = 2147483647;
			files = (
			);
			runOnlyForDeploymentPostprocessing = 0;
		};
		7CF7412C20BEDAFA00DF1674 /* Frameworks */ = {
			isa = PBXFrameworksBuildPhase;
			buildActionMask = 2147483647;
			files = (
			);
			runOnlyForDeploymentPostprocessing = 0;
		};
/* End PBXFrameworksBuildPhase section */

/* Begin PBXGroup section */
		7CF7410720BEDAFA00DF1674 = {
			isa = PBXGroup;
			children = (
				7CF7411220BEDAFA00DF1674 /* WWW */,
				7CF7412720BEDAFA00DF1674 /* WWWTests */,
				7CF7413220BEDAFA00DF1674 /* WWWUITests */,
				7CF7411120BEDAFA00DF1674 /* Products */,
			);
			sourceTree = "<group>";
		};
		7CF7411120BEDAFA00DF1674 /* Products */ = {
			isa = PBXGroup;
			children = (
				7CF7411020BEDAFA00DF1674 /* WWW.app */,
				7CF7412420BEDAFA00DF1674 /* WWWTests.xctest */,
				7CF7412F20BEDAFA00DF1674 /* WWWUITests.xctest */,
			);
			name = Products;
			sourceTree = "<group>";
		};
		7CF7411220BEDAFA00DF1674 /* WWW */ = {
			isa = PBXGroup;
			children = (
				7CF7411320BEDAFA00DF1674 /* AppDelegate.swift */,
				7CF7411520BEDAFA00DF1674 /* ViewController.swift */,
				7CF7411720BEDAFA00DF1674 /* Main.storyboard */,
				7CF7411A20BEDAFA00DF1674 /* Assets.xcassets */,
				7CF7411C20BEDAFA00DF1674 /* LaunchScreen.storyboard */,
				7CF7411F20BEDAFA00DF1674 /* Info.plist */,
			);
			path = WWW;
			sourceTree = "<group>";
		};
		7CF7412720BEDAFA00DF1674 /* WWWTests */ = {
			isa = PBXGroup;
			children = (
				7CF7412820BEDAFA00DF1674 /* WWWTests.swift */,
				7CF7412A20BEDAFA00DF1674 /* Info.plist */,
			);
			path = WWWTests;
			sourceTree = "<group>";
		};
		7CF7413220BEDAFA00DF1674 /* WWWUITests */ = {
			isa = PBXGroup;
			children = (
				7CF7413320BEDAFA00DF1674 /* WWWUITests.swift */,
				7CF7413520BEDAFA00DF1674 /* Info.plist */,
			);
			path = WWWUITests;
			sourceTree = "<group>";
		};
/* End PBXGroup section */

/* Begin PBXNativeTarget section */
		7CF7410F20BEDAFA00DF1674 /* WWW */ = {
			isa = PBXNativeTarget;
			buildConfigurationList = 7CF7413820BEDAFA00DF1674 /* Build configuration list for PBXNativeTarget "WWW" */;
			buildPhases = (
				7CF7410C20BEDAFA00DF1674 /* Sources */,
				7CF7410D20BEDAFA00DF1674 /* Frameworks */,
				7CF7410E20BEDAFA00DF1674 /* Resources */,
			);
			buildRules = (
			);
			dependencies = (
			);
			name = WWW;
			productName = WWW;
			productReference = 7CF7411020BEDAFA00DF1674 /* WWW.app */;
			productType = "com.apple.product-type.application";
		};
		7CF7412320BEDAFA00DF1674 /* WWWTests */ = {
			isa = PBXNativeTarget;
			buildConfigurationList = 7CF7413B20BEDAFA00DF1674 /* Build configuration list for PBXNativeTarget "WWWTests" */;
			buildPhases = (
				7CF7412020BEDAFA00DF1674 /* Sources */,
				7CF7412120BEDAFA00DF1674 /* Frameworks */,
				7CF7412220BEDAFA00DF1674 /* Resources */,
			);
			buildRules = (
			);
			dependencies = (
				7CF7412620BEDAFA00DF1674 /* PBXTargetDependency */,
			);
			name = WWWTests;
			productName = WWWTests;
			productReference = 7CF7412420BEDAFA00DF1674 /* WWWTests.xctest */;
			productType = "com.apple.product-type.bundle.unit-test";
		};
		7CF7412E20BEDAFA00DF1674 /* WWWUITests */ = {
			isa = PBXNativeTarget;
			buildConfigurationList = 7CF7413E20BEDAFA00DF1674 /* Build configuration list for PBXNativeTarget "WWWUITests" */;
			buildPhases = (
				7CF7412B20BEDAFA00DF1674 /* Sources */,
				7CF7412C20BEDAFA00DF1674 /* Frameworks */,
				7CF7412D20BEDAFA00DF1674 /* Resources */,
			);
			buildRules = (
			);
			dependencies = (
				7CF7413120BEDAFA00DF1674 /* PBXTargetDependency */,
			);
			name = WWWUITests;
			productName = WWWUITests;
			productReference = 7CF7412F20BEDAFA00DF1674 /* WWWUITests.xctest */;
			productType = "com.apple.product-type.bundle.ui-testing";
		};
/* End PBXNativeTarget section */

/* Begin PBXProject section */
		7CF7410820BEDAFA00DF1674 /* Project object */ = {
			isa = PBXProject;
			attributes = {
				LastSwiftUpdateCheck = 0920;
				LastUpgradeCheck = 0920;
				ORGANIZATIONNAME = "Yauheni Baranouski";
				TargetAttributes = {
					7CF7410F20BEDAFA00DF1674 = {
						CreatedOnToolsVersion = 9.2;
						ProvisioningStyle = Automatic;
					};
					7CF7412320BEDAFA00DF1674 = {
						CreatedOnToolsVersion = 9.2;
						ProvisioningStyle = Automatic;
						TestTargetID = 7CF7410F20BEDAFA00DF1674;
					};
					7CF7412E20BEDAFA00DF1674 = {
						CreatedOnToolsVersion = 9.2;
						ProvisioningStyle = Automatic;
						TestTargetID = 7CF7410F20BEDAFA00DF1674;
					};
				};
			};
			buildConfigurationList = 7CF7410B20BEDAFA00DF1674 /* Build configuration list for PBXProject "WWW" */;
			compatibilityVersion = "Xcode 8.0";
			developmentRegion = en;
			hasScannedForEncodings = 0;
			knownRegions = (
				en,
				Base,
			);
			mainGroup = 7CF7410720BEDAFA00DF1674;
			productRefGroup = 7CF7411120BEDAFA00DF1674 /* Products */;
			projectDirPath = "";
			projectRoot = "";
			targets = (
				7CF7410F20BEDAFA00DF1674 /* WWW */,
				7CF7412320BEDAFA00DF1674 /* WWWTests */,
				7CF7412E20BEDAFA00DF1674 /* WWWUITests */,
			);
		};
/* End PBXProject section */

/* Begin PBXResourcesBuildPhase section */
		7CF7410E20BEDAFA00DF1674 /* Resources */ = {
			isa = PBXResourcesBuildPhase;
			buildActionMask = 2147483647;
			files = (
				7CF7411E20BEDAFA00DF1674 /* LaunchScreen.storyboard in Resources */,
				7CF7411B20BEDAFA00DF1674 /* Assets.xcassets in Resources */,
				7CF7411920BEDAFA00DF1674 /* Main.storyboard in Resources */,
			);
			runOnlyForDeploymentPostprocessing = 0;
		};
		7CF7412220BEDAFA00DF1674 /* Resources */ = {
			isa = PBXResourcesBuildPhase;
			buildActionMask = 2147483647;
			files = (
			);
			runOnlyForDeploymentPostprocessing = 0;
		};
		7CF7412D20BEDAFA00DF1674 /* Resources */ = {
			isa = PBXResourcesBuildPhase;
			buildActionMask = 2147483647;
			files = (
			);
			runOnlyForDeploymentPostprocessing = 0;
		};
/* End PBXResourcesBuildPhase section */

/* Begin PBXSourcesBuildPhase section */
		7CF7410C20BEDAFA00DF1674 /* Sources */ = {
			isa = PBXSourcesBuildPhase;
			buildActionMask = 2147483647;
			files = (
				7CF7411620BEDAFA00DF1674 /* ViewController.swift in Sources */,
				7CF7411420BEDAFA00DF1674 /* AppDelegate.swift in Sources */,
			);
			runOnlyForDeploymentPostprocessing = 0;
		};
		7CF7412020BEDAFA00DF1674 /* Sources */ = {
			isa = PBXSourcesBuildPhase;
			buildActionMask = 2147483647;
			files = (
				7CF7412920BEDAFA00DF1674 /* WWWTests.swift in Sources */,
			);
			runOnlyForDeploymentPostprocessing = 0;
		};
		7CF7412B20BEDAFA00DF1674 /* Sources */ = {
			isa = PBXSourcesBuildPhase;
			buildActionMask = 2147483647;
			files = (
				7CF7413420BEDAFA00DF1674 /* WWWUITests.swift in Sources */,
			);
			runOnlyForDeploymentPostprocessing = 0;
		};
/* End PBXSourcesBuildPhase section */

/* Begin PBXTargetDependency section */
		7CF7412620BEDAFA00DF1674 /* PBXTargetDependency */ = {
			isa = PBXTargetDependency;
			target = 7CF7410F20BEDAFA00DF1674 /* WWW */;
			targetProxy = 7CF7412520BEDAFA00DF1674 /* PBXContainerItemProxy */;
		};
		7CF7413120BEDAFA00DF1674 /* PBXTargetDependency */ = {
			isa = PBXTargetDependency;
			target = 7CF7410F20BEDAFA00DF1674 /* WWW */;
			targetProxy = 7CF7413020BEDAFA00DF1674 /* PBXContainerItemProxy */;
		};
/* End PBXTargetDependency section */

/* Begin PBXVariantGroup section */
		7CF7411720BEDAFA00DF1674 /* Main.storyboard */ = {
			isa = PBXVariantGroup;
			children = (
				7CF7411820BEDAFA00DF1674 /* Base */,
			);
			name = Main.storyboard;
			sourceTree = "<group>";
		};
		7CF7411C20BEDAFA00DF1674 /* LaunchScreen.storyboard */ = {
			isa = PBXVariantGroup;
			children = (
				7CF7411D20BEDAFA00DF1674 /* Base */,
			);
			name = LaunchScreen.storyboard;
			sourceTree = "<group>";
		};
/* End PBXVariantGroup section */

/* Begin XCBuildConfiguration section */
		7CF7413620BEDAFA00DF1674 /* Debug */ = {
			isa = XCBuildConfiguration;
			buildSettings = {
				ALWAYS_SEARCH_USER_PATHS = NO;
				CLANG_ANALYZER_NONNULL = YES;
				CLANG_ANALYZER_NUMBER_OBJECT_CONVERSION = YES_AGGRESSIVE;
				CLANG_CXX_LANGUAGE_STANDARD = "gnu++14";
				CLANG_CXX_LIBRARY = "libc++";
				CLANG_ENABLE_MODULES = YES;
				CLANG_ENABLE_OBJC_ARC = YES;
				CLANG_WARN_BLOCK_CAPTURE_AUTORELEASING = YES;
				CLANG_WARN_BOOL_CONVERSION = YES;
				CLANG_WARN_COMMA = YES;
				CLANG_WARN_CONSTANT_CONVERSION = YES;
				CLANG_WARN_DIRECT_OBJC_ISA_USAGE = YES_ERROR;
				CLANG_WARN_DOCUMENTATION_COMMENTS = YES;
				CLANG_WARN_EMPTY_BODY = YES;
				CLANG_WARN_ENUM_CONVERSION = YES;
				CLANG_WARN_INFINITE_RECURSION = YES;
				CLANG_WARN_INT_CONVERSION = YES;
				CLANG_WARN_NON_LITERAL_NULL_CONVERSION = YES;
				CLANG_WARN_OBJC_LITERAL_CONVERSION = YES;
				CLANG_WARN_OBJC_ROOT_CLASS = YES_ERROR;
				CLANG_WARN_RANGE_LOOP_ANALYSIS = YES;
				CLANG_WARN_STRICT_PROTOTYPES = YES;
				CLANG_WARN_SUSPICIOUS_MOVE = YES;
				CLANG_WARN_UNGUARDED_AVAILABILITY = YES_AGGRESSIVE;
				CLANG_WARN_UNREACHABLE_CODE = YES;
				CLANG_WARN__DUPLICATE_METHOD_MATCH = YES;
				CODE_SIGN_IDENTITY = "iPhone Developer";
				COPY_PHASE_STRIP = NO;
				DEBUG_INFORMATION_FORMAT = dwarf;
				ENABLE_STRICT_OBJC_MSGSEND = YES;
				ENABLE_TESTABILITY = YES;
				GCC_C_LANGUAGE_STANDARD = gnu11;
				GCC_DYNAMIC_NO_PIC = NO;
				GCC_NO_COMMON_BLOCKS = YES;
				GCC_OPTIMIZATION_LEVEL = 0;
				GCC_PREPROCESSOR_DEFINITIONS = (
					"DEBUG=1",
					"$(inherited)",
				);
				GCC_WARN_64_TO_32_BIT_CONVERSION = YES;
				GCC_WARN_ABOUT_RETURN_TYPE = YES_ERROR;
				GCC_WARN_UNDECLARED_SELECTOR = YES;
				GCC_WARN_UNINITIALIZED_AUTOS = YES_AGGRESSIVE;
				GCC_WARN_UNUSED_FUNCTION = YES;
				GCC_WARN_UNUSED_VARIABLE = YES;
				IPHONEOS_DEPLOYMENT_TARGET = 11.2;
				MTL_ENABLE_DEBUG_INFO = YES;
				ONLY_ACTIVE_ARCH = YES;
				SDKROOT = iphoneos;
				SWIFT_ACTIVE_COMPILATION_CONDITIONS = DEBUG;
				SWIFT_OPTIMIZATION_LEVEL = "-Onone";
			};
			name = Debug;
		};
		7CF7413720BEDAFA00DF1674 /* Release */ = {
			isa = XCBuildConfiguration;
			buildSettings = {
				ALWAYS_SEARCH_USER_PATHS = NO;
				CLANG_ANALYZER_NONNULL = YES;
				CLANG_ANALYZER_NUMBER_OBJECT_CONVERSION = YES_AGGRESSIVE;
				CLANG_CXX_LANGUAGE_STANDARD = "gnu++14";
				CLANG_CXX_LIBRARY = "libc++";
				CLANG_ENABLE_MODULES = YES;
				CLANG_ENABLE_OBJC_ARC = YES;
				CLANG_WARN_BLOCK_CAPTURE_AUTORELEASING = YES;
				CLANG_WARN_BOOL_CONVERSION = YES;
				CLANG_WARN_COMMA = YES;
				CLANG_WARN_CONSTANT_CONVERSION = YES;
				CLANG_WARN_DIRECT_OBJC_ISA_USAGE = YES_ERROR;
				CLANG_WARN_DOCUMENTATION_COMMENTS = YES;
				CLANG_WARN_EMPTY_BODY = YES;
				CLANG_WARN_ENUM_CONVERSION = YES;
				CLANG_WARN_INFINITE_RECURSION = YES;
				CLANG_WARN_INT_CONVERSION = YES;
				CLANG_WARN_NON_LITERAL_NULL_CONVERSION = YES;
				CLANG_WARN_OBJC_LITERAL_CONVERSION = YES;
				CLANG_WARN_OBJC_ROOT_CLASS = YES_ERROR;
				CLANG_WARN_RANGE_LOOP_ANALYSIS = YES;
				CLANG_WARN_STRICT_PROTOTYPES = YES;
				CLANG_WARN_SUSPICIOUS_MOVE = YES;
				CLANG_WARN_UNGUARDED_AVAILABILITY = YES_AGGRESSIVE;
				CLANG_WARN_UNREACHABLE_CODE = YES;
				CLANG_WARN__DUPLICATE_METHOD_MATCH = YES;
				CODE_SIGN_IDENTITY = "iPhone Developer";
				COPY_PHASE_STRIP = NO;
				DEBUG_INFORMATION_FORMAT = "dwarf-with-dsym";
				ENABLE_NS_ASSERTIONS = NO;
				ENABLE_STRICT_OBJC_MSGSEND = YES;
				GCC_C_LANGUAGE_STANDARD = gnu11;
				GCC_NO_COMMON_BLOCKS = YES;
				GCC_WARN_64_TO_32_BIT_CONVERSION = YES;
				GCC_WARN_ABOUT_RETURN_TYPE = YES_ERROR;
				GCC_WARN_UNDECLARED_SELECTOR = YES;
				GCC_WARN_UNINITIALIZED_AUTOS = YES_AGGRESSIVE;
				GCC_WARN_UNUSED_FUNCTION = YES;
				GCC_WARN_UNUSED_VARIABLE = YES;
				IPHONEOS_DEPLOYMENT_TARGET = 11.2;
				MTL_ENABLE_DEBUG_INFO = NO;
				SDKROOT = iphoneos;
				SWIFT_OPTIMIZATION_LEVEL = "-Owholemodule";
				VALIDATE_PRODUCT = YES;
			};
			name = Release;
		};
		7CF7413920BEDAFA00DF1674 /* Debug */ = {
			isa = XCBuildConfiguration;
			buildSettings = {
				ASSETCATALOG_COMPILER_APPICON_NAME = AppIcon;
				CODE_SIGN_STYLE = Automatic;
				INFOPLIST_FILE = WWW/Info.plist;
				LD_RUNPATH_SEARCH_PATHS = "$(inherited) @executable_path/Frameworks";
				PRODUCT_BUNDLE_IDENTIFIER = com.h2d.WWW;
				PRODUCT_NAME = "$(TARGET_NAME)";
				SWIFT_VERSION = 4.0;
				TARGETED_DEVICE_FAMILY = "1,2";
			};
			name = Debug;
		};
		7CF7413A20BEDAFA00DF1674 /* Release */ = {
			isa = XCBuildConfiguration;
			buildSettings = {
				ASSETCATALOG_COMPILER_APPICON_NAME = AppIcon;
				CODE_SIGN_STYLE = Automatic;
				INFOPLIST_FILE = WWW/Info.plist;
				LD_RUNPATH_SEARCH_PATHS = "$(inherited) @executable_path/Frameworks";
				PRODUCT_BUNDLE_IDENTIFIER = com.h2d.WWW;
				PRODUCT_NAME = "$(TARGET_NAME)";
				SWIFT_VERSION = 4.0;
				TARGETED_DEVICE_FAMILY = "1,2";
			};
			name = Release;
		};
		7CF7413C20BEDAFA00DF1674 /* Debug */ = {
			isa = XCBuildConfiguration;
			buildSettings = {
				ALWAYS_EMBED_SWIFT_STANDARD_LIBRARIES = YES;
				BUNDLE_LOADER = "$(TEST_HOST)";
				CODE_SIGN_STYLE = Automatic;
				INFOPLIST_FILE = WWWTests/Info.plist;
				LD_RUNPATH_SEARCH_PATHS = "$(inherited) @executable_path/Frameworks @loader_path/Frameworks";
				PRODUCT_BUNDLE_IDENTIFIER = com.h2d.WWWTests;
				PRODUCT_NAME = "$(TARGET_NAME)";
				SWIFT_VERSION = 4.0;
				TARGETED_DEVICE_FAMILY = "1,2";
				TEST_HOST = "$(BUILT_PRODUCTS_DIR)/WWW.app/WWW";
			};
			name = Debug;
		};
		7CF7413D20BEDAFA00DF1674 /* Release */ = {
			isa = XCBuildConfiguration;
			buildSettings = {
				ALWAYS_EMBED_SWIFT_STANDARD_LIBRARIES = YES;
				BUNDLE_LOADER = "$(TEST_HOST)";
				CODE_SIGN_STYLE = Automatic;
				INFOPLIST_FILE = WWWTests/Info.plist;
				LD_RUNPATH_SEARCH_PATHS = "$(inherited) @executable_path/Frameworks @loader_path/Frameworks";
				PRODUCT_BUNDLE_IDENTIFIER = com.h2d.WWWTests;
				PRODUCT_NAME = "$(TARGET_NAME)";
				SWIFT_VERSION = 4.0;
				TARGETED_DEVICE_FAMILY = "1,2";
				TEST_HOST = "$(BUILT_PRODUCTS_DIR)/WWW.app/WWW";
			};
			name = Release;
		};
		7CF7413F20BEDAFA00DF1674 /* Debug */ = {
			isa = XCBuildConfiguration;
			buildSettings = {
				ALWAYS_EMBED_SWIFT_STANDARD_LIBRARIES = YES;
				CODE_SIGN_STYLE = Automatic;
				INFOPLIST_FILE = WWWUITests/Info.plist;
				LD_RUNPATH_SEARCH_PATHS = "$(inherited) @executable_path/Frameworks @loader_path/Frameworks";
				PRODUCT_BUNDLE_IDENTIFIER = com.h2d.WWWUITests;
				PRODUCT_NAME = "$(TARGET_NAME)";
				SWIFT_VERSION = 4.0;
				TARGETED_DEVICE_FAMILY = "1,2";
				TEST_TARGET_NAME = WWW;
			};
			name = Debug;
		};
		7CF7414020BEDAFA00DF1674 /* Release */ = {
			isa = XCBuildConfiguration;
			buildSettings = {
				ALWAYS_EMBED_SWIFT_STANDARD_LIBRARIES = YES;
				CODE_SIGN_STYLE = Automatic;
				INFOPLIST_FILE = WWWUITests/Info.plist;
				LD_RUNPATH_SEARCH_PATHS = "$(inherited) @executable_path/Frameworks @loader_path/Frameworks";
				PRODUCT_BUNDLE_IDENTIFIER = com.h2d.WWWUITests;
				PRODUCT_NAME = "$(TARGET_NAME)";
				SWIFT_VERSION = 4.0;
				TARGETED_DEVICE_FAMILY = "1,2";
				TEST_TARGET_NAME = WWW;
			};
			name = Release;
		};
/* End XCBuildConfiguration section */

/* Begin XCConfigurationList section */
		7CF7410B20BEDAFA00DF1674 /* Build configuration list for PBXProject "WWW" */ = {
			isa = XCConfigurationList;
			buildConfigurations = (
				7CF7413620BEDAFA00DF1674 /* Debug */,
				7CF7413720BEDAFA00DF1674 /* Release */,
			);
			defaultConfigurationIsVisible = 0;
			defaultConfigurationName = Release;
		};
		7CF7413820BEDAFA00DF1674 /* Build configuration list for PBXNativeTarget "WWW" */ = {
			isa = XCConfigurationList;
			buildConfigurations = (
				7CF7413920BEDAFA00DF1674 /* Debug */,
				7CF7413A20BEDAFA00DF1674 /* Release */,
			);
			defaultConfigurationIsVisible = 0;
			defaultConfigurationName = Release;
		};
		7CF7413B20BEDAFA00DF1674 /* Build configuration list for PBXNativeTarget "WWWTests" */ = {
			isa = XCConfigurationList;
			buildConfigurations = (
				7CF7413C20BEDAFA00DF1674 /* Debug */,
				7CF7413D20BEDAFA00DF1674 /* Release */,
			);
			defaultConfigurationIsVisible = 0;
			defaultConfigurationName = Release;
		};
		7CF7413E20BEDAFA00DF1674 /* Build configuration list for PBXNativeTarget "WWWUITests" */ = {
			isa = XCConfigurationList;
			buildConfigurations = (
				7CF7413F20BEDAFA00DF1674 /* Debug */,
				7CF7414020BEDAFA00DF1674 /* Release */,
			);
			defaultConfigurationIsVisible = 0;
			defaultConfigurationName = Release;
		};
/* End XCConfigurationList section */
	};
	rootObject = 7CF7410820BEDAFA00DF1674 /* Project object */;
}
